
Microsoft Visual Studio Solution File, Format Version 12.00
# Visual Studio Version 16
VisualStudioVersion = 16.0.30002.166
MinimumVisualStudioVersion = 10.0.40219.1
Project("{9A19103F-16F7-4668-BE54-9A1E7A4F7556}") = "JStore", "src\JStore\JStore.csproj", "{D5A764DB-8272-4D8B-993E-75F0F11F7C59}"
EndProject
Project("{9A19103F-16F7-4668-BE54-9A1E7A4F7556}") = "JStore.ConsoleApp", "src\JStore.ConsoleApp\JStore.ConsoleApp.csproj", "{DC592ABB-E1C4-45B1-95D3-750BA7817FEF}"
EndProject
Global
	GlobalSection(SolutionConfigurationPlatforms) = preSolution
		Debug|Any CPU = Debug|Any CPU
		Release|Any CPU = Release|Any CPU
	EndGlobalSection
	GlobalSection(ProjectConfigurationPlatforms) = postSolution
		{D5A764DB-8272-4D8B-993E-75F0F11F7C59}.Debug|Any CPU.ActiveCfg = Debug|Any CPU
		{D5A764DB-8272-4D8B-993E-75F0F11F7C59}.Debug|Any CPU.Build.0 = Debug|Any CPU
		{D5A764DB-8272-4D8B-993E-75F0F11F7C59}.Release|Any CPU.ActiveCfg = Release|Any CPU
		{D5A764DB-8272-4D8B-993E-75F0F11F7C59}.Release|Any CPU.Build.0 = Release|Any CPU
		{DC592ABB-E1C4-45B1-95D3-750BA7817FEF}.Debug|Any CPU.ActiveCfg = Debug|Any CPU
		{DC592ABB-E1C4-45B1-95D3-750BA7817FEF}.Debug|Any CPU.Build.0 = Debug|Any CPU
		{DC592ABB-E1C4-45B1-95D3-750BA7817FEF}.Release|Any CPU.ActiveCfg = Release|Any CPU
		{DC592ABB-E1C4-45B1-95D3-750BA7817FEF}.Release|Any CPU.Build.0 = Release|Any CPU
	EndGlobalSection
	GlobalSection(SolutionProperties) = preSolution
		HideSolutionNode = FALSE
	EndGlobalSection
	GlobalSection(ExtensibilityGlobals) = postSolution
		SolutionGuid = {000214DC-A3C8-4B01-98EE-F62A6BAEC6BB}
	EndGlobalSection
EndGlobal
